
Microsoft Visual Studio Solution File, Format Version 12.00
# Visual Studio Version 16
VisualStudioVersion = 16.0.33130.400
MinimumVisualStudioVersion = 10.0.40219.1
Project("{FAE04EC0-301F-11D3-BF4B-00C04F79EFBC}") = "Apprentissage", "Apprentissage\Apprentissage.csproj", "{EA10E92B-CEF2-43C0-81EA-C183B627D329}"
EndProject
Global
	GlobalSection(SolutionConfigurationPlatforms) = preSolution
		Debug|Any CPU = Debug|Any CPU
		Release|Any CPU = Release|Any CPU
	EndGlobalSection
	GlobalSection(ProjectConfigurationPlatforms) = postSolution
		{EA10E92B-CEF2-43C0-81EA-C183B627D329}.Debug|Any CPU.ActiveCfg = Debug|Any CPU
		{EA10E92B-CEF2-43C0-81EA-C183B627D329}.Debug|Any CPU.Build.0 = Debug|Any CPU
		{EA10E92B-CEF2-43C0-81EA-C183B627D329}.Release|Any CPU.ActiveCfg = Release|Any CPU
		{EA10E92B-CEF2-43C0-81EA-C183B627D329}.Release|Any CPU.Build.0 = Release|Any CPU
	EndGlobalSection
	GlobalSection(SolutionProperties) = preSolution
		HideSolutionNode = FALSE
	EndGlobalSection
	GlobalSection(ExtensibilityGlobals) = postSolution
		SolutionGuid = {355504CF-9DA7-4EB2-A0FC-6B15A294D219}
	EndGlobalSection
EndGlobal
